
Microsoft Visual Studio Solution File, Format Version 12.00
# Visual Studio Version 17
VisualStudioVersion = 17.7.34221.43
MinimumVisualStudioVersion = 10.0.40219.1
Project("{9A19103F-16F7-4668-BE54-9A1E7A4F7556}") = "Store-App", "Store-App\Store-App.csproj", "{56828523-5F36-49EC-B209-05F14BEA8458}"
EndProject
Project("{FAE04EC0-301F-11D3-BF4B-00C04F79EFBC}") = "StoreAppUnitTests", "StoreAppUnitTests\StoreAppUnitTests.csproj", "{0E000420-3695-483D-9777-635F049A3F08}"
EndProject
Global
	GlobalSection(SolutionConfigurationPlatforms) = preSolution
		Debug|Any CPU = Debug|Any CPU
		Release|Any CPU = Release|Any CPU
	EndGlobalSection
	GlobalSection(ProjectConfigurationPlatforms) = postSolution
		{56828523-5F36-49EC-B209-05F14BEA8458}.Debug|Any CPU.ActiveCfg = Debug|Any CPU
		{56828523-5F36-49EC-B209-05F14BEA8458}.Debug|Any CPU.Build.0 = Debug|Any CPU
		{56828523-5F36-49EC-B209-05F14BEA8458}.Release|Any CPU.ActiveCfg = Release|Any CPU
		{56828523-5F36-49EC-B209-05F14BEA8458}.Release|Any CPU.Build.0 = Release|Any CPU
		{0E000420-3695-483D-9777-635F049A3F08}.Debug|Any CPU.ActiveCfg = Debug|Any CPU
		{0E000420-3695-483D-9777-635F049A3F08}.Debug|Any CPU.Build.0 = Debug|Any CPU
		{0E000420-3695-483D-9777-635F049A3F08}.Release|Any CPU.ActiveCfg = Release|Any CPU
		{0E000420-3695-483D-9777-635F049A3F08}.Release|Any CPU.Build.0 = Release|Any CPU
	EndGlobalSection
	GlobalSection(SolutionProperties) = preSolution
		HideSolutionNode = FALSE
	EndGlobalSection
	GlobalSection(ExtensibilityGlobals) = postSolution
		SolutionGuid = {9D6A5DE5-DDEA-4A6D-88A0-054FB8610296}
	EndGlobalSection
EndGlobal
